
Microsoft Visual Studio Solution File, Format Version 12.00
# Visual Studio Version 16
VisualStudioVersion = 16.0.29806.167
MinimumVisualStudioVersion = 10.0.40219.1
Project("{FAE04EC0-301F-11D3-BF4B-00C04F79EFBC}") = "NumerosParesDoVetor", "NumerosParesDoVetor.csproj", "{53758CB5-F467-4859-9ACB-692ED227FA1A}"
EndProject
Global
	GlobalSection(SolutionConfigurationPlatforms) = preSolution
		Debug|Any CPU = Debug|Any CPU
		Release|Any CPU = Release|Any CPU
	EndGlobalSection
	GlobalSection(ProjectConfigurationPlatforms) = postSolution
		{53758CB5-F467-4859-9ACB-692ED227FA1A}.Debug|Any CPU.ActiveCfg = Debug|Any CPU
		{53758CB5-F467-4859-9ACB-692ED227FA1A}.Debug|Any CPU.Build.0 = Debug|Any CPU
		{53758CB5-F467-4859-9ACB-692ED227FA1A}.Release|Any CPU.ActiveCfg = Release|Any CPU
		{53758CB5-F467-4859-9ACB-692ED227FA1A}.Release|Any CPU.Build.0 = Release|Any CPU
	EndGlobalSection
	GlobalSection(SolutionProperties) = preSolution
		HideSolutionNode = FALSE
	EndGlobalSection
	GlobalSection(ExtensibilityGlobals) = postSolution
		SolutionGuid = {34F6D051-034A-4B19-B90E-707A536A4CCA}
	EndGlobalSection
EndGlobal
